
Microsoft Visual Studio Solution File, Format Version 12.00
# Visual Studio 15
VisualStudioVersion = 15.0.28010.2003
MinimumVisualStudioVersion = 10.0.40219.1
Project("{FAE04EC0-301F-11D3-BF4B-00C04F79EFBC}") = "ADO_Exam", "ADO_Exam\ADO_Exam.csproj", "{7FFE8571-8126-41D5-8AE7-A2CB87E87AED}"
EndProject
Global
	GlobalSection(SolutionConfigurationPlatforms) = preSolution
		Debug|Any CPU = Debug|Any CPU
		Release|Any CPU = Release|Any CPU
	EndGlobalSection
	GlobalSection(ProjectConfigurationPlatforms) = postSolution
		{7FFE8571-8126-41D5-8AE7-A2CB87E87AED}.Debug|Any CPU.ActiveCfg = Debug|Any CPU
		{7FFE8571-8126-41D5-8AE7-A2CB87E87AED}.Debug|Any CPU.Build.0 = Debug|Any CPU
		{7FFE8571-8126-41D5-8AE7-A2CB87E87AED}.Release|Any CPU.ActiveCfg = Release|Any CPU
		{7FFE8571-8126-41D5-8AE7-A2CB87E87AED}.Release|Any CPU.Build.0 = Release|Any CPU
	EndGlobalSection
	GlobalSection(SolutionProperties) = preSolution
		HideSolutionNode = FALSE
	EndGlobalSection
	GlobalSection(ExtensibilityGlobals) = postSolution
		SolutionGuid = {8F762C37-628F-4F7A-9648-EAD6B98C0B9D}
	EndGlobalSection
EndGlobal
